
Microsoft Visual Studio Solution File, Format Version 12.00
# Visual Studio Version 17
VisualStudioVersion = 17.0.31903.59
MinimumVisualStudioVersion = 10.0.40219.1
Project("{2150E333-8FDC-42A3-9474-1A3956D46DE8}") = "src", "src", "{827E0CD3-B72D-47B6-A68D-7590B98EB39B}"
EndProject
Project("{FAE04EC0-301F-11D3-BF4B-00C04F79EFBC}") = "Farol.API", "src\Farol.API\Farol.API.csproj", "{6AB2C887-1943-4829-BEAA-BE30FCA0C1DB}"
EndProject
Project("{FAE04EC0-301F-11D3-BF4B-00C04F79EFBC}") = "Farol.Application", "src\Farol.Application\Farol.Application.csproj", "{EC33E377-1351-4578-9B21-E0AF3386F3BB}"
EndProject
Project("{FAE04EC0-301F-11D3-BF4B-00C04F79EFBC}") = "Farol.Domain", "src\Farol.Domain\Farol.Domain.csproj", "{F7416392-07F1-4C93-9381-645D8DFC063E}"
EndProject
Project("{FAE04EC0-301F-11D3-BF4B-00C04F79EFBC}") = "Farol.Infrastructure", "src\Farol.Infrastructure\Farol.Infrastructure.csproj", "{9159D919-DB3B-49D5-BEF6-7E848DABAE39}"
EndProject
Project("{2150E333-8FDC-42A3-9474-1A3956D46DE8}") = "tests", "tests", "{0AB3BF05-4346-4AA6-1389-037BE0695223}"
EndProject
Project("{FAE04EC0-301F-11D3-BF4B-00C04F79EFBC}") = "Farol.ArchitectureTests", "tests\Farol.ArchitectureTests\Farol.ArchitectureTests.csproj", "{9D2E47DF-4ED0-4B4D-88A7-1CACCD34622F}"
EndProject
Project("{FAE04EC0-301F-11D3-BF4B-00C04F79EFBC}") = "Farol.IntegrationTests", "tests\Farol.IntegrationTests\Farol.IntegrationTests.csproj", "{EBFFD838-B6C4-428F-A462-B4D3354A83DB}"
EndProject
Project("{FAE04EC0-301F-11D3-BF4B-00C04F79EFBC}") = "Farol.UnitTests", "tests\Farol.UnitTests\Farol.UnitTests.csproj", "{2792A8F3-E539-47D4-BD53-8471FC063530}"
EndProject
Global
	GlobalSection(SolutionConfigurationPlatforms) = preSolution
		Debug|Any CPU = Debug|Any CPU
		Debug|x64 = Debug|x64
		Debug|x86 = Debug|x86
		Release|Any CPU = Release|Any CPU
		Release|x64 = Release|x64
		Release|x86 = Release|x86
	EndGlobalSection
	GlobalSection(ProjectConfigurationPlatforms) = postSolution
		{6AB2C887-1943-4829-BEAA-BE30FCA0C1DB}.Debug|Any CPU.ActiveCfg = Debug|Any CPU
		{6AB2C887-1943-4829-BEAA-BE30FCA0C1DB}.Debug|Any CPU.Build.0 = Debug|Any CPU
		{6AB2C887-1943-4829-BEAA-BE30FCA0C1DB}.Debug|x64.ActiveCfg = Debug|Any CPU
		{6AB2C887-1943-4829-BEAA-BE30FCA0C1DB}.Debug|x64.Build.0 = Debug|Any CPU
		{6AB2C887-1943-4829-BEAA-BE30FCA0C1DB}.Debug|x86.ActiveCfg = Debug|Any CPU
		{6AB2C887-1943-4829-BEAA-BE30FCA0C1DB}.Debug|x86.Build.0 = Debug|Any CPU
		{6AB2C887-1943-4829-BEAA-BE30FCA0C1DB}.Release|Any CPU.ActiveCfg = Release|Any CPU
		{6AB2C887-1943-4829-BEAA-BE30FCA0C1DB}.Release|Any CPU.Build.0 = Release|Any CPU
		{6AB2C887-1943-4829-BEAA-BE30FCA0C1DB}.Release|x64.ActiveCfg = Release|Any CPU
		{6AB2C887-1943-4829-BEAA-BE30FCA0C1DB}.Release|x64.Build.0 = Release|Any CPU
		{6AB2C887-1943-4829-BEAA-BE30FCA0C1DB}.Release|x86.ActiveCfg = Release|Any CPU
		{6AB2C887-1943-4829-BEAA-BE30FCA0C1DB}.Release|x86.Build.0 = Release|Any CPU
		{EC33E377-1351-4578-9B21-E0AF3386F3BB}.Debug|Any CPU.ActiveCfg = Debug|Any CPU
		{EC33E377-1351-4578-9B21-E0AF3386F3BB}.Debug|Any CPU.Build.0 = Debug|Any CPU
		{EC33E377-1351-4578-9B21-E0AF3386F3BB}.Debug|x64.ActiveCfg = Debug|Any CPU
		{EC33E377-1351-4578-9B21-E0AF3386F3BB}.Debug|x64.Build.0 = Debug|Any CPU
		{EC33E377-1351-4578-9B21-E0AF3386F3BB}.Debug|x86.ActiveCfg = Debug|Any CPU
		{EC33E377-1351-4578-9B21-E0AF3386F3BB}.Debug|x86.Build.0 = Debug|Any CPU
		{EC33E377-1351-4578-9B21-E0AF3386F3BB}.Release|Any CPU.ActiveCfg = Release|Any CPU
		{EC33E377-1351-4578-9B21-E0AF3386F3BB}.Release|Any CPU.Build.0 = Release|Any CPU
		{EC33E377-1351-4578-9B21-E0AF3386F3BB}.Release|x64.ActiveCfg = Release|Any CPU
		{EC33E377-1351-4578-9B21-E0AF3386F3BB}.Release|x64.Build.0 = Release|Any CPU
		{EC33E377-1351-4578-9B21-E0AF3386F3BB}.Release|x86.ActiveCfg = Release|Any CPU
		{EC33E377-1351-4578-9B21-E0AF3386F3BB}.Release|x86.Build.0 = Release|Any CPU
		{F7416392-07F1-4C93-9381-645D8DFC063E}.Debug|Any CPU.ActiveCfg = Debug|Any CPU
		{F7416392-07F1-4C93-9381-645D8DFC063E}.Debug|Any CPU.Build.0 = Debug|Any CPU
		{F7416392-07F1-4C93-9381-645D8DFC063E}.Debug|x64.ActiveCfg = Debug|Any CPU
		{F7416392-07F1-4C93-9381-645D8DFC063E}.Debug|x64.Build.0 = Debug|Any CPU
		{F7416392-07F1-4C93-9381-645D8DFC063E}.Debug|x86.ActiveCfg = Debug|Any CPU
		{F7416392-07F1-4C93-9381-645D8DFC063E}.Debug|x86.Build.0 = Debug|Any CPU
		{F7416392-07F1-4C93-9381-645D8DFC063E}.Release|Any CPU.ActiveCfg = Release|Any CPU
		{F7416392-07F1-4C93-9381-645D8DFC063E}.Release|Any CPU.Build.0 = Release|Any CPU
		{F7416392-07F1-4C93-9381-645D8DFC063E}.Release|x64.ActiveCfg = Release|Any CPU
		{F7416392-07F1-4C93-9381-645D8DFC063E}.Release|x64.Build.0 = Release|Any CPU
		{F7416392-07F1-4C93-9381-645D8DFC063E}.Release|x86.ActiveCfg = Release|Any CPU
		{F7416392-07F1-4C93-9381-645D8DFC063E}.Release|x86.Build.0 = Release|Any CPU
		{9159D919-DB3B-49D5-BEF6-7E848DABAE39}.Debug|Any CPU.ActiveCfg = Debug|Any CPU
		{9159D919-DB3B-49D5-BEF6-7E848DABAE39}.Debug|Any CPU.Build.0 = Debug|Any CPU
		{9159D919-DB3B-49D5-BEF6-7E848DABAE39}.Debug|x64.ActiveCfg = Debug|Any CPU
		{9159D919-DB3B-49D5-BEF6-7E848DABAE39}.Debug|x64.Build.0 = Debug|Any CPU
		{9159D919-DB3B-49D5-BEF6-7E848DABAE39}.Debug|x86.ActiveCfg = Debug|Any CPU
		{9159D919-DB3B-49D5-BEF6-7E848DABAE39}.Debug|x86.Build.0 = Debug|Any CPU
		{9159D919-DB3B-49D5-BEF6-7E848DABAE39}.Release|Any CPU.ActiveCfg = Release|Any CPU
		{9159D919-DB3B-49D5-BEF6-7E848DABAE39}.Release|Any CPU.Build.0 = Release|Any CPU
		{9159D919-DB3B-49D5-BEF6-7E848DABAE39}.Release|x64.ActiveCfg = Release|Any CPU
		{9159D919-DB3B-49D5-BEF6-7E848DABAE39}.Release|x64.Build.0 = Release|Any CPU
		{9159D919-DB3B-49D5-BEF6-7E848DABAE39}.Release|x86.ActiveCfg = Release|Any CPU
		{9159D919-DB3B-49D5-BEF6-7E848DABAE39}.Release|x86.Build.0 = Release|Any CPU
		{9D2E47DF-4ED0-4B4D-88A7-1CACCD34622F}.Debug|Any CPU.ActiveCfg = Debug|Any CPU
		{9D2E47DF-4ED0-4B4D-88A7-1CACCD34622F}.Debug|Any CPU.Build.0 = Debug|Any CPU
		{9D2E47DF-4ED0-4B4D-88A7-1CACCD34622F}.Debug|x64.ActiveCfg = Debug|Any CPU
		{9D2E47DF-4ED0-4B4D-88A7-1CACCD34622F}.Debug|x64.Build.0 = Debug|Any CPU
		{9D2E47DF-4ED0-4B4D-88A7-1CACCD34622F}.Debug|x86.ActiveCfg = Debug|Any CPU
		{9D2E47DF-4ED0-4B4D-88A7-1CACCD34622F}.Debug|x86.Build.0 = Debug|Any CPU
		{9D2E47DF-4ED0-4B4D-88A7-1CACCD34622F}.Release|Any CPU.ActiveCfg = Release|Any CPU
		{9D2E47DF-4ED0-4B4D-88A7-1CACCD34622F}.Release|Any CPU.Build.0 = Release|Any CPU
		{9D2E47DF-4ED0-4B4D-88A7-1CACCD34622F}.Release|x64.ActiveCfg = Release|Any CPU
		{9D2E47DF-4ED0-4B4D-88A7-1CACCD34622F}.Release|x64.Build.0 = Release|Any CPU
		{9D2E47DF-4ED0-4B4D-88A7-1CACCD34622F}.Release|x86.ActiveCfg = Release|Any CPU
		{9D2E47DF-4ED0-4B4D-88A7-1CACCD34622F}.Release|x86.Build.0 = Release|Any CPU
		{EBFFD838-B6C4-428F-A462-B4D3354A83DB}.Debug|Any CPU.ActiveCfg = Debug|Any CPU
		{EBFFD838-B6C4-428F-A462-B4D3354A83DB}.Debug|Any CPU.Build.0 = Debug|Any CPU
		{EBFFD838-B6C4-428F-A462-B4D3354A83DB}.Debug|x64.ActiveCfg = Debug|Any CPU
		{EBFFD838-B6C4-428F-A462-B4D3354A83DB}.Debug|x64.Build.0 = Debug|Any CPU
		{EBFFD838-B6C4-428F-A462-B4D3354A83DB}.Debug|x86.ActiveCfg = Debug|Any CPU
		{EBFFD838-B6C4-428F-A462-B4D3354A83DB}.Debug|x86.Build.0 = Debug|Any CPU
		{EBFFD838-B6C4-428F-A462-B4D3354A83DB}.Release|Any CPU.ActiveCfg = Release|Any CPU
		{EBFFD838-B6C4-428F-A462-B4D3354A83DB}.Release|Any CPU.Build.0 = Release|Any CPU
		{EBFFD838-B6C4-428F-A462-B4D3354A83DB}.Release|x64.ActiveCfg = Release|Any CPU
		{EBFFD838-B6C4-428F-A462-B4D3354A83DB}.Release|x64.Build.0 = Release|Any CPU
		{EBFFD838-B6C4-428F-A462-B4D3354A83DB}.Release|x86.ActiveCfg = Release|Any CPU
		{EBFFD838-B6C4-428F-A462-B4D3354A83DB}.Release|x86.Build.0 = Release|Any CPU
		{2792A8F3-E539-47D4-BD53-8471FC063530}.Debug|Any CPU.ActiveCfg = Debug|Any CPU
		{2792A8F3-E539-47D4-BD53-8471FC063530}.Debug|Any CPU.Build.0 = Debug|Any CPU
		{2792A8F3-E539-47D4-BD53-8471FC063530}.Debug|x64.ActiveCfg = Debug|Any CPU
		{2792A8F3-E539-47D4-BD53-8471FC063530}.Debug|x64.Build.0 = Debug|Any CPU
		{2792A8F3-E539-47D4-BD53-8471FC063530}.Debug|x86.ActiveCfg = Debug|Any CPU
		{2792A8F3-E539-47D4-BD53-8471FC063530}.Debug|x86.Build.0 = Debug|Any CPU
		{2792A8F3-E539-47D4-BD53-8471FC063530}.Release|Any CPU.ActiveCfg = Release|Any CPU
		{2792A8F3-E539-47D4-BD53-8471FC063530}.Release|Any CPU.Build.0 = Release|Any CPU
		{2792A8F3-E539-47D4-BD53-8471FC063530}.Release|x64.ActiveCfg = Release|Any CPU
		{2792A8F3-E539-47D4-BD53-8471FC063530}.Release|x64.Build.0 = Release|Any CPU
		{2792A8F3-E539-47D4-BD53-8471FC063530}.Release|x86.ActiveCfg = Release|Any CPU
		{2792A8F3-E539-47D4-BD53-8471FC063530}.Release|x86.Build.0 = Release|Any CPU
	EndGlobalSection
	GlobalSection(SolutionProperties) = preSolution
		HideSolutionNode = FALSE
	EndGlobalSection
	GlobalSection(NestedProjects) = preSolution
		{6AB2C887-1943-4829-BEAA-BE30FCA0C1DB} = {827E0CD3-B72D-47B6-A68D-7590B98EB39B}
		{EC33E377-1351-4578-9B21-E0AF3386F3BB} = {827E0CD3-B72D-47B6-A68D-7590B98EB39B}
		{F7416392-07F1-4C93-9381-645D8DFC063E} = {827E0CD3-B72D-47B6-A68D-7590B98EB39B}
		{9159D919-DB3B-49D5-BEF6-7E848DABAE39} = {827E0CD3-B72D-47B6-A68D-7590B98EB39B}
		{9D2E47DF-4ED0-4B4D-88A7-1CACCD34622F} = {0AB3BF05-4346-4AA6-1389-037BE0695223}
		{EBFFD838-B6C4-428F-A462-B4D3354A83DB} = {0AB3BF05-4346-4AA6-1389-037BE0695223}
		{2792A8F3-E539-47D4-BD53-8471FC063530} = {0AB3BF05-4346-4AA6-1389-037BE0695223}
	EndGlobalSection
EndGlobal
